
Microsoft Visual Studio Solution File, Format Version 12.00
# Visual Studio Version 16
VisualStudioVersion = 16.0.31019.35
MinimumVisualStudioVersion = 10.0.40219.1
Project("{FAE04EC0-301F-11D3-BF4B-00C04F79EFBC}") = "Cyberpunk2271.Android", "Cyberpunk2271\Cyberpunk2271.Android\Cyberpunk2271.Android.csproj", "{2CA0AA06-778D-4C32-BF9D-7BA0A9A247EB}"
EndProject
Project("{9A19103F-16F7-4668-BE54-9A1E7A4F7556}") = "Cyberpunk2271", "Cyberpunk2271\Cyberpunk2271\Cyberpunk2271.csproj", "{7EB4B374-7BC8-4E0E-B7A9-357C52994096}"
EndProject
Global
	GlobalSection(SolutionConfigurationPlatforms) = preSolution
		Debug|Any CPU = Debug|Any CPU
		Debug|iPhone = Debug|iPhone
		Debug|iPhoneSimulator = Debug|iPhoneSimulator
		Release|Any CPU = Release|Any CPU
		Release|iPhone = Release|iPhone
		Release|iPhoneSimulator = Release|iPhoneSimulator
	EndGlobalSection
	GlobalSection(ProjectConfigurationPlatforms) = postSolution
		{2CA0AA06-778D-4C32-BF9D-7BA0A9A247EB}.Debug|Any CPU.ActiveCfg = Debug|Any CPU
		{2CA0AA06-778D-4C32-BF9D-7BA0A9A247EB}.Debug|Any CPU.Build.0 = Debug|Any CPU
		{2CA0AA06-778D-4C32-BF9D-7BA0A9A247EB}.Debug|Any CPU.Deploy.0 = Debug|Any CPU
		{2CA0AA06-778D-4C32-BF9D-7BA0A9A247EB}.Debug|iPhone.ActiveCfg = Debug|Any CPU
		{2CA0AA06-778D-4C32-BF9D-7BA0A9A247EB}.Debug|iPhone.Build.0 = Debug|Any CPU
		{2CA0AA06-778D-4C32-BF9D-7BA0A9A247EB}.Debug|iPhone.Deploy.0 = Debug|Any CPU
		{2CA0AA06-778D-4C32-BF9D-7BA0A9A247EB}.Debug|iPhoneSimulator.ActiveCfg = Debug|Any CPU
		{2CA0AA06-778D-4C32-BF9D-7BA0A9A247EB}.Debug|iPhoneSimulator.Build.0 = Debug|Any CPU
		{2CA0AA06-778D-4C32-BF9D-7BA0A9A247EB}.Debug|iPhoneSimulator.Deploy.0 = Debug|Any CPU
		{2CA0AA06-778D-4C32-BF9D-7BA0A9A247EB}.Release|Any CPU.ActiveCfg = Release|Any CPU
		{2CA0AA06-778D-4C32-BF9D-7BA0A9A247EB}.Release|Any CPU.Build.0 = Release|Any CPU
		{2CA0AA06-778D-4C32-BF9D-7BA0A9A247EB}.Release|Any CPU.Deploy.0 = Release|Any CPU
		{2CA0AA06-778D-4C32-BF9D-7BA0A9A247EB}.Release|iPhone.ActiveCfg = Release|Any CPU
		{2CA0AA06-778D-4C32-BF9D-7BA0A9A247EB}.Release|iPhone.Build.0 = Release|Any CPU
		{2CA0AA06-778D-4C32-BF9D-7BA0A9A247EB}.Release|iPhone.Deploy.0 = Release|Any CPU
		{2CA0AA06-778D-4C32-BF9D-7BA0A9A247EB}.Release|iPhoneSimulator.ActiveCfg = Release|Any CPU
		{2CA0AA06-778D-4C32-BF9D-7BA0A9A247EB}.Release|iPhoneSimulator.Build.0 = Release|Any CPU
		{2CA0AA06-778D-4C32-BF9D-7BA0A9A247EB}.Release|iPhoneSimulator.Deploy.0 = Release|Any CPU
		{7EB4B374-7BC8-4E0E-B7A9-357C52994096}.Debug|Any CPU.ActiveCfg = Debug|Any CPU
		{7EB4B374-7BC8-4E0E-B7A9-357C52994096}.Debug|Any CPU.Build.0 = Debug|Any CPU
		{7EB4B374-7BC8-4E0E-B7A9-357C52994096}.Debug|Any CPU.Deploy.0 = Debug|Any CPU
		{7EB4B374-7BC8-4E0E-B7A9-357C52994096}.Debug|iPhone.ActiveCfg = Debug|Any CPU
		{7EB4B374-7BC8-4E0E-B7A9-357C52994096}.Debug|iPhone.Build.0 = Debug|Any CPU
		{7EB4B374-7BC8-4E0E-B7A9-357C52994096}.Debug|iPhone.Deploy.0 = Debug|Any CPU
		{7EB4B374-7BC8-4E0E-B7A9-357C52994096}.Debug|iPhoneSimulator.ActiveCfg = Debug|Any CPU
		{7EB4B374-7BC8-4E0E-B7A9-357C52994096}.Debug|iPhoneSimulator.Build.0 = Debug|Any CPU
		{7EB4B374-7BC8-4E0E-B7A9-357C52994096}.Debug|iPhoneSimulator.Deploy.0 = Debug|Any CPU
		{7EB4B374-7BC8-4E0E-B7A9-357C52994096}.Release|Any CPU.ActiveCfg = Release|Any CPU
		{7EB4B374-7BC8-4E0E-B7A9-357C52994096}.Release|Any CPU.Build.0 = Release|Any CPU
		{7EB4B374-7BC8-4E0E-B7A9-357C52994096}.Release|Any CPU.Deploy.0 = Release|Any CPU
		{7EB4B374-7BC8-4E0E-B7A9-357C52994096}.Release|iPhone.ActiveCfg = Release|Any CPU
		{7EB4B374-7BC8-4E0E-B7A9-357C52994096}.Release|iPhone.Build.0 = Release|Any CPU
		{7EB4B374-7BC8-4E0E-B7A9-357C52994096}.Release|iPhone.Deploy.0 = Release|Any CPU
		{7EB4B374-7BC8-4E0E-B7A9-357C52994096}.Release|iPhoneSimulator.ActiveCfg = Release|Any CPU
		{7EB4B374-7BC8-4E0E-B7A9-357C52994096}.Release|iPhoneSimulator.Build.0 = Release|Any CPU
		{7EB4B374-7BC8-4E0E-B7A9-357C52994096}.Release|iPhoneSimulator.Deploy.0 = Release|Any CPU
	EndGlobalSection
	GlobalSection(SolutionProperties) = preSolution
		HideSolutionNode = FALSE
	EndGlobalSection
	GlobalSection(ExtensibilityGlobals) = postSolution
		SolutionGuid = {22813539-E300-4511-9274-B053D6A28AD5}
	EndGlobalSection
EndGlobal
